
Microsoft Visual Studio Solution File, Format Version 12.00
# Visual Studio Version 17
VisualStudioVersion = 17.14.36414.22 d17.14
MinimumVisualStudioVersion = 10.0.40219.1
Project("{2150E333-8FDC-42A3-9474-1A3956D46DE8}") = "Task0", "Task0", "{02EA681E-C7D8-13C7-8484-4AC65E1B71E8}"
EndProject
Project("{FAE04EC0-301F-11D3-BF4B-00C04F79EFBC}") = "Tyuiu.MitrofanovaPV.Sprint5.Task0.V24.Test", "Tyuiu.MitrofanovaPV.Sprint5.Task0.V24.Test\Tyuiu.MitrofanovaPV.Sprint5.Task0.V24.Test.csproj", "{97B20C0A-D97A-410D-873A-C22A9F2C0098}"
EndProject
Project("{FAE04EC0-301F-11D3-BF4B-00C04F79EFBC}") = "Tyuiu.MitrofanovaPV.Sprint5.Task0.V24", "Tyuiu.MitrofanovaPV.Sprint5.Task0.V24\Tyuiu.MitrofanovaPV.Sprint5.Task0.V24.csproj", "{BFC7AD88-EE31-4151-9857-9EBC471F8892}"
EndProject
Project("{FAE04EC0-301F-11D3-BF4B-00C04F79EFBC}") = "Tyuiu.MitrofanovaPV.Sprint5.Task0.V24.Lib", "Tyuiu.MitrofanovaPV.Sprint5.Task0.V24.Lib\Tyuiu.MitrofanovaPV.Sprint5.Task0.V24.Lib.csproj", "{2C9CAEAE-8B09-49B7-AD2F-03600C8B8F22}"
EndProject
Project("{2150E333-8FDC-42A3-9474-1A3956D46DE8}") = "Task1", "Task1", "{12FCB2BD-9E77-4A0D-B7A3-0E3FC7610D7D}"
EndProject
Project("{FAE04EC0-301F-11D3-BF4B-00C04F79EFBC}") = "Tyuiu.MitrofanovaPV.Sprint5.Task1.V29", "Tyuiu.MitrofanovaPV.Sprint5.Task1.V29\Tyuiu.MitrofanovaPV.Sprint5.Task1.V29.csproj", "{B4912EE5-2B13-4FE4-9C9D-A0C780FB89FC}"
EndProject
Project("{FAE04EC0-301F-11D3-BF4B-00C04F79EFBC}") = "Tyuiu.MitrofanovaPV.Sprint5.Task1.V29.Lib", "Tyuiu.MitrofanovaPV.Sprint5.Task1.V29.Lib\Tyuiu.MitrofanovaPV.Sprint5.Task1.V29.Lib.csproj", "{B89A1C8E-6F35-4C5A-9303-E6F6386CCCBC}"
EndProject
Project("{FAE04EC0-301F-11D3-BF4B-00C04F79EFBC}") = "Tyuiu.MitrofanovaPV.Sprint5.Task1.V29.Test", "Tyuiu.MitrofanovaPV.Sprint5.Task1.V29.Test\Tyuiu.MitrofanovaPV.Sprint5.Task1.V29.Test.csproj", "{11C55330-43D8-4857-A65C-69740AEBF331}"
EndProject
Project("{2150E333-8FDC-42A3-9474-1A3956D46DE8}") = "Task2", "Task2", "{C7FDECDD-7A44-4BB3-866A-992FA532A06E}"
EndProject
Project("{FAE04EC0-301F-11D3-BF4B-00C04F79EFBC}") = "Tyuiu.MitrofanovaPV.Sprint5.Task2.V1", "Tyuiu.MitrofanovaPV.Sprint5.Task2.V1\Tyuiu.MitrofanovaPV.Sprint5.Task2.V1.csproj", "{9BC6699A-C02B-4134-8ED2-3FA75C5601FF}"
EndProject
Project("{FAE04EC0-301F-11D3-BF4B-00C04F79EFBC}") = "Tyuiu.MitrofanovaPV.Sprint5.Task2.V1.Test", "Tyuiu.MitrofanovaPV.Sprint5.Task2.V1.Test\Tyuiu.MitrofanovaPV.Sprint5.Task2.V1.Test.csproj", "{61F6EE58-38BC-4627-B2FC-5BFC6083E8FA}"
EndProject
Project("{FAE04EC0-301F-11D3-BF4B-00C04F79EFBC}") = "Tyuiu.MitrofanovaPV.Sprint5.Task2.V1.Lib", "Tyuiu.MitrofanovaPV.Sprint5.Task2.V1.Lib\Tyuiu.MitrofanovaPV.Sprint5.Task2.V1.Lib.csproj", "{3C6BF229-5AB0-4A18-A506-BEC05765B21B}"
EndProject
Project("{2150E333-8FDC-42A3-9474-1A3956D46DE8}") = "Task3", "Task3", "{C3A50C91-8B48-445A-A0E7-1FEA3518E86F}"
EndProject
Project("{FAE04EC0-301F-11D3-BF4B-00C04F79EFBC}") = "Tyuiu.MitrofanovaPV.Sprint5.Task3.V13", "Tyuiu.MitrofanovaPV.Sprint5.Task3.V13\Tyuiu.MitrofanovaPV.Sprint5.Task3.V13.csproj", "{7839F42B-B735-43DF-BD02-31948EFC623F}"
EndProject
Project("{FAE04EC0-301F-11D3-BF4B-00C04F79EFBC}") = "Tyuiu.MitrofanovaPV.Sprint5.Task3.V13.Lib", "Tyuiu.MitrofanovaPV.Sprint5.Task3.V13.Lib\Tyuiu.MitrofanovaPV.Sprint5.Task3.V13.Lib.csproj", "{6209A942-119B-4782-A901-6E11027639A5}"
EndProject
Project("{FAE04EC0-301F-11D3-BF4B-00C04F79EFBC}") = "Tyuiu.MitrofanovaPV.Sprint5.Task3.V13.Test", "Tyuiu.MitrofanovaPV.Sprint5.Task3.V13.Test\Tyuiu.MitrofanovaPV.Sprint5.Task3.V13.Test.csproj", "{11D3DEE7-C9B1-4BA9-A7BC-C4496A58E19B}"
EndProject
Global
	GlobalSection(SolutionConfigurationPlatforms) = preSolution
		Debug|Any CPU = Debug|Any CPU
		Release|Any CPU = Release|Any CPU
	EndGlobalSection
	GlobalSection(ProjectConfigurationPlatforms) = postSolution
		{97B20C0A-D97A-410D-873A-C22A9F2C0098}.Debug|Any CPU.ActiveCfg = Debug|Any CPU
		{97B20C0A-D97A-410D-873A-C22A9F2C0098}.Debug|Any CPU.Build.0 = Debug|Any CPU
		{97B20C0A-D97A-410D-873A-C22A9F2C0098}.Release|Any CPU.ActiveCfg = Release|Any CPU
		{97B20C0A-D97A-410D-873A-C22A9F2C0098}.Release|Any CPU.Build.0 = Release|Any CPU
		{BFC7AD88-EE31-4151-9857-9EBC471F8892}.Debug|Any CPU.ActiveCfg = Debug|Any CPU
		{BFC7AD88-EE31-4151-9857-9EBC471F8892}.Debug|Any CPU.Build.0 = Debug|Any CPU
		{BFC7AD88-EE31-4151-9857-9EBC471F8892}.Release|Any CPU.ActiveCfg = Release|Any CPU
		{BFC7AD88-EE31-4151-9857-9EBC471F8892}.Release|Any CPU.Build.0 = Release|Any CPU
		{2C9CAEAE-8B09-49B7-AD2F-03600C8B8F22}.Debug|Any CPU.ActiveCfg = Debug|Any CPU
		{2C9CAEAE-8B09-49B7-AD2F-03600C8B8F22}.Debug|Any CPU.Build.0 = Debug|Any CPU
		{2C9CAEAE-8B09-49B7-AD2F-03600C8B8F22}.Release|Any CPU.ActiveCfg = Release|Any CPU
		{2C9CAEAE-8B09-49B7-AD2F-03600C8B8F22}.Release|Any CPU.Build.0 = Release|Any CPU
		{B4912EE5-2B13-4FE4-9C9D-A0C780FB89FC}.Debug|Any CPU.ActiveCfg = Debug|Any CPU
		{B4912EE5-2B13-4FE4-9C9D-A0C780FB89FC}.Debug|Any CPU.Build.0 = Debug|Any CPU
		{B4912EE5-2B13-4FE4-9C9D-A0C780FB89FC}.Release|Any CPU.ActiveCfg = Release|Any CPU
		{B4912EE5-2B13-4FE4-9C9D-A0C780FB89FC}.Release|Any CPU.Build.0 = Release|Any CPU
		{B89A1C8E-6F35-4C5A-9303-E6F6386CCCBC}.Debug|Any CPU.ActiveCfg = Debug|Any CPU
		{B89A1C8E-6F35-4C5A-9303-E6F6386CCCBC}.Debug|Any CPU.Build.0 = Debug|Any CPU
		{B89A1C8E-6F35-4C5A-9303-E6F6386CCCBC}.Release|Any CPU.ActiveCfg = Release|Any CPU
		{B89A1C8E-6F35-4C5A-9303-E6F6386CCCBC}.Release|Any CPU.Build.0 = Release|Any CPU
		{11C55330-43D8-4857-A65C-69740AEBF331}.Debug|Any CPU.ActiveCfg = Debug|Any CPU
		{11C55330-43D8-4857-A65C-69740AEBF331}.Debug|Any CPU.Build.0 = Debug|Any CPU
		{11C55330-43D8-4857-A65C-69740AEBF331}.Release|Any CPU.ActiveCfg = Release|Any CPU
		{11C55330-43D8-4857-A65C-69740AEBF331}.Release|Any CPU.Build.0 = Release|Any CPU
		{9BC6699A-C02B-4134-8ED2-3FA75C5601FF}.Debug|Any CPU.ActiveCfg = Debug|Any CPU
		{9BC6699A-C02B-4134-8ED2-3FA75C5601FF}.Debug|Any CPU.Build.0 = Debug|Any CPU
		{9BC6699A-C02B-4134-8ED2-3FA75C5601FF}.Release|Any CPU.ActiveCfg = Release|Any CPU
		{9BC6699A-C02B-4134-8ED2-3FA75C5601FF}.Release|Any CPU.Build.0 = Release|Any CPU
		{61F6EE58-38BC-4627-B2FC-5BFC6083E8FA}.Debug|Any CPU.ActiveCfg = Debug|Any CPU
		{61F6EE58-38BC-4627-B2FC-5BFC6083E8FA}.Debug|Any CPU.Build.0 = Debug|Any CPU
		{61F6EE58-38BC-4627-B2FC-5BFC6083E8FA}.Release|Any CPU.ActiveCfg = Release|Any CPU
		{61F6EE58-38BC-4627-B2FC-5BFC6083E8FA}.Release|Any CPU.Build.0 = Release|Any CPU
		{3C6BF229-5AB0-4A18-A506-BEC05765B21B}.Debug|Any CPU.ActiveCfg = Debug|Any CPU
		{3C6BF229-5AB0-4A18-A506-BEC05765B21B}.Debug|Any CPU.Build.0 = Debug|Any CPU
		{3C6BF229-5AB0-4A18-A506-BEC05765B21B}.Release|Any CPU.ActiveCfg = Release|Any CPU
		{3C6BF229-5AB0-4A18-A506-BEC05765B21B}.Release|Any CPU.Build.0 = Release|Any CPU
		{7839F42B-B735-43DF-BD02-31948EFC623F}.Debug|Any CPU.ActiveCfg = Debug|Any CPU
		{7839F42B-B735-43DF-BD02-31948EFC623F}.Debug|Any CPU.Build.0 = Debug|Any CPU
		{7839F42B-B735-43DF-BD02-31948EFC623F}.Release|Any CPU.ActiveCfg = Release|Any CPU
		{7839F42B-B735-43DF-BD02-31948EFC623F}.Release|Any CPU.Build.0 = Release|Any CPU
		{6209A942-119B-4782-A901-6E11027639A5}.Debug|Any CPU.ActiveCfg = Debug|Any CPU
		{6209A942-119B-4782-A901-6E11027639A5}.Debug|Any CPU.Build.0 = Debug|Any CPU
		{6209A942-119B-4782-A901-6E11027639A5}.Release|Any CPU.ActiveCfg = Release|Any CPU
		{6209A942-119B-4782-A901-6E11027639A5}.Release|Any CPU.Build.0 = Release|Any CPU
		{11D3DEE7-C9B1-4BA9-A7BC-C4496A58E19B}.Debug|Any CPU.ActiveCfg = Debug|Any CPU
		{11D3DEE7-C9B1-4BA9-A7BC-C4496A58E19B}.Debug|Any CPU.Build.0 = Debug|Any CPU
		{11D3DEE7-C9B1-4BA9-A7BC-C4496A58E19B}.Release|Any CPU.ActiveCfg = Release|Any CPU
		{11D3DEE7-C9B1-4BA9-A7BC-C4496A58E19B}.Release|Any CPU.Build.0 = Release|Any CPU
	EndGlobalSection
	GlobalSection(SolutionProperties) = preSolution
		HideSolutionNode = FALSE
	EndGlobalSection
	GlobalSection(NestedProjects) = preSolution
		{97B20C0A-D97A-410D-873A-C22A9F2C0098} = {02EA681E-C7D8-13C7-8484-4AC65E1B71E8}
		{BFC7AD88-EE31-4151-9857-9EBC471F8892} = {02EA681E-C7D8-13C7-8484-4AC65E1B71E8}
		{2C9CAEAE-8B09-49B7-AD2F-03600C8B8F22} = {02EA681E-C7D8-13C7-8484-4AC65E1B71E8}
		{B4912EE5-2B13-4FE4-9C9D-A0C780FB89FC} = {12FCB2BD-9E77-4A0D-B7A3-0E3FC7610D7D}
		{B89A1C8E-6F35-4C5A-9303-E6F6386CCCBC} = {12FCB2BD-9E77-4A0D-B7A3-0E3FC7610D7D}
		{11C55330-43D8-4857-A65C-69740AEBF331} = {12FCB2BD-9E77-4A0D-B7A3-0E3FC7610D7D}
		{9BC6699A-C02B-4134-8ED2-3FA75C5601FF} = {C7FDECDD-7A44-4BB3-866A-992FA532A06E}
		{61F6EE58-38BC-4627-B2FC-5BFC6083E8FA} = {C7FDECDD-7A44-4BB3-866A-992FA532A06E}
		{3C6BF229-5AB0-4A18-A506-BEC05765B21B} = {C7FDECDD-7A44-4BB3-866A-992FA532A06E}
		{7839F42B-B735-43DF-BD02-31948EFC623F} = {C3A50C91-8B48-445A-A0E7-1FEA3518E86F}
		{6209A942-119B-4782-A901-6E11027639A5} = {C3A50C91-8B48-445A-A0E7-1FEA3518E86F}
		{11D3DEE7-C9B1-4BA9-A7BC-C4496A58E19B} = {C3A50C91-8B48-445A-A0E7-1FEA3518E86F}
	EndGlobalSection
	GlobalSection(ExtensibilityGlobals) = postSolution
		SolutionGuid = {B2F83E9F-46DE-4109-8641-DF8DFDCB5F8F}
	EndGlobalSection
EndGlobal
