
Microsoft Visual Studio Solution File, Format Version 12.00
# Visual Studio Version 17
VisualStudioVersion = 17.14.36414.22 d17.14
MinimumVisualStudioVersion = 10.0.40219.1
Project("{2150E333-8FDC-42A3-9474-1A3956D46DE8}") = "Task0", "Task0", "{02EA681E-C7D8-13C7-8484-4AC65E1B71E8}"
EndProject
Project("{FAE04EC0-301F-11D3-BF4B-00C04F79EFBC}") = "Tyuiu.MitrofanovaPV.Sprint5.Task0.V24.Test", "Tyuiu.MitrofanovaPV.Sprint5.Task0.V24.Test\Tyuiu.MitrofanovaPV.Sprint5.Task0.V24.Test.csproj", "{97B20C0A-D97A-410D-873A-C22A9F2C0098}"
EndProject
Project("{FAE04EC0-301F-11D3-BF4B-00C04F79EFBC}") = "Tyuiu.MitrofanovaPV.Sprint5.Task0.V24", "Tyuiu.MitrofanovaPV.Sprint5.Task0.V24\Tyuiu.MitrofanovaPV.Sprint5.Task0.V24.csproj", "{BFC7AD88-EE31-4151-9857-9EBC471F8892}"
EndProject
Project("{FAE04EC0-301F-11D3-BF4B-00C04F79EFBC}") = "Tyuiu.MitrofanovaPV.Sprint5.Task0.V24.Lib", "Tyuiu.MitrofanovaPV.Sprint5.Task0.V24.Lib\Tyuiu.MitrofanovaPV.Sprint5.Task0.V24.Lib.csproj", "{2C9CAEAE-8B09-49B7-AD2F-03600C8B8F22}"
EndProject
Global
	GlobalSection(SolutionConfigurationPlatforms) = preSolution
		Debug|Any CPU = Debug|Any CPU
		Release|Any CPU = Release|Any CPU
	EndGlobalSection
	GlobalSection(ProjectConfigurationPlatforms) = postSolution
		{97B20C0A-D97A-410D-873A-C22A9F2C0098}.Debug|Any CPU.ActiveCfg = Debug|Any CPU
		{97B20C0A-D97A-410D-873A-C22A9F2C0098}.Debug|Any CPU.Build.0 = Debug|Any CPU
		{97B20C0A-D97A-410D-873A-C22A9F2C0098}.Release|Any CPU.ActiveCfg = Release|Any CPU
		{97B20C0A-D97A-410D-873A-C22A9F2C0098}.Release|Any CPU.Build.0 = Release|Any CPU
		{BFC7AD88-EE31-4151-9857-9EBC471F8892}.Debug|Any CPU.ActiveCfg = Debug|Any CPU
		{BFC7AD88-EE31-4151-9857-9EBC471F8892}.Debug|Any CPU.Build.0 = Debug|Any CPU
		{BFC7AD88-EE31-4151-9857-9EBC471F8892}.Release|Any CPU.ActiveCfg = Release|Any CPU
		{BFC7AD88-EE31-4151-9857-9EBC471F8892}.Release|Any CPU.Build.0 = Release|Any CPU
		{2C9CAEAE-8B09-49B7-AD2F-03600C8B8F22}.Debug|Any CPU.ActiveCfg = Debug|Any CPU
		{2C9CAEAE-8B09-49B7-AD2F-03600C8B8F22}.Debug|Any CPU.Build.0 = Debug|Any CPU
		{2C9CAEAE-8B09-49B7-AD2F-03600C8B8F22}.Release|Any CPU.ActiveCfg = Release|Any CPU
		{2C9CAEAE-8B09-49B7-AD2F-03600C8B8F22}.Release|Any CPU.Build.0 = Release|Any CPU
	EndGlobalSection
	GlobalSection(SolutionProperties) = preSolution
		HideSolutionNode = FALSE
	EndGlobalSection
	GlobalSection(NestedProjects) = preSolution
		{97B20C0A-D97A-410D-873A-C22A9F2C0098} = {02EA681E-C7D8-13C7-8484-4AC65E1B71E8}
		{BFC7AD88-EE31-4151-9857-9EBC471F8892} = {02EA681E-C7D8-13C7-8484-4AC65E1B71E8}
		{2C9CAEAE-8B09-49B7-AD2F-03600C8B8F22} = {02EA681E-C7D8-13C7-8484-4AC65E1B71E8}
	EndGlobalSection
	GlobalSection(ExtensibilityGlobals) = postSolution
		SolutionGuid = {B2F83E9F-46DE-4109-8641-DF8DFDCB5F8F}
	EndGlobalSection
EndGlobal
